
Microsoft Visual Studio Solution File, Format Version 12.00
Project("{FAE04EC0-301F-11D3-BF4B-00C04F79EFBC}") = "WordFinder", "WordFinder\WordFinder.csproj", "{052B920C-F25C-4004-96E7-83BE3ECB4326}"
EndProject
Global
	GlobalSection(SolutionConfigurationPlatforms) = preSolution
		Debug|Any CPU = Debug|Any CPU
		Release|Any CPU = Release|Any CPU
	EndGlobalSection
	GlobalSection(ProjectConfigurationPlatforms) = postSolution
		{052B920C-F25C-4004-96E7-83BE3ECB4326}.Debug|Any CPU.ActiveCfg = Debug|Any CPU
		{052B920C-F25C-4004-96E7-83BE3ECB4326}.Debug|Any CPU.Build.0 = Debug|Any CPU
		{052B920C-F25C-4004-96E7-83BE3ECB4326}.Release|Any CPU.ActiveCfg = Release|Any CPU
		{052B920C-F25C-4004-96E7-83BE3ECB4326}.Release|Any CPU.Build.0 = Release|Any CPU
	EndGlobalSection
EndGlobal
